// !$*UTF8*$!
{
	archiveVersion = 1;
	classes = {
	};
	objectVersion = 48;
	objects = {

/* Begin PBXBuildFile section */
		7DFE62E21FF5565E0016B77B /* AppDelegate.swift in Sources */ = {isa = PBXBuildFile; fileRef = 7DFE62E11FF5565E0016B77B /* AppDelegate.swift */; };
		7DFE62E41FF5565E0016B77B /* ViewController.swift in Sources */ = {isa = PBXBuildFile; fileRef = 7DFE62E31FF5565E0016B77B /* ViewController.swift */; };
		7DFE62E71FF5565E0016B77B /* Main.storyboard in Resources */ = {isa = PBXBuildFile; fileRef = 7DFE62E51FF5565E0016B77B /* Main.storyboard */; };
		7DFE62E91FF5565E0016B77B /* Assets.xcassets in Resources */ = {isa = PBXBuildFile; fileRef = 7DFE62E81FF5565E0016B77B /* Assets.xcassets */; };
		7DFE62EC1FF5565E0016B77B /* LaunchScreen.storyboard in Resources */ = {isa = PBXBuildFile; fileRef = 7DFE62EA1FF5565E0016B77B /* LaunchScreen.storyboard */; };
		7DFE62F41FF5576F0016B77B /* YMHTagListCell.swift in Sources */ = {isa = PBXBuildFile; fileRef = 7DFE62F31FF5576F0016B77B /* YMHTagListCell.swift */; };
		7DFE62F61FF569850016B77B /* YMHTagLabelCell.xib in Resources */ = {isa = PBXBuildFile; fileRef = 7DFE62F51FF569850016B77B /* YMHTagLabelCell.xib */; };
/* End PBXBuildFile section */

/* Begin PBXFileReference section */
		7DFE62DE1FF5565E0016B77B /* TestDemoSlider.app */ = {isa = PBXFileReference; explicitFileType = wrapper.application; includeInIndex = 0; path = TestDemoSlider.app; sourceTree = BUILT_PRODUCTS_DIR; };
		7DFE62E11FF5565E0016B77B /* AppDelegate.swift */ = {isa = PBXFileReference; lastKnownFileType = sourcecode.swift; path = AppDelegate.swift; sourceTree = "<group>"; };
		7DFE62E31FF5565E0016B77B /* ViewController.swift */ = {isa = PBXFileReference; lastKnownFileType = sourcecode.swift; path = ViewController.swift; sourceTree = "<group>"; };
		7DFE62E61FF5565E0016B77B /* Base */ = {isa = PBXFileReference; lastKnownFileType = file.storyboard; name = Base; path = Base.lproj/Main.storyboard; sourceTree = "<group>"; };
		7DFE62E81FF5565E0016B77B /* Assets.xcassets */ = {isa = PBXFileReference; lastKnownFileType = folder.assetcatalog; path = Assets.xcassets; sourceTree = "<group>"; };
		7DFE62EB1FF5565E0016B77B /* Base */ = {isa = PBXFileReference; lastKnownFileType = file.storyboard; name = Base; path = Base.lproj/LaunchScreen.storyboard; sourceTree = "<group>"; };
		7DFE62ED1FF5565E0016B77B /* Info.plist */ = {isa = PBXFileReference; lastKnownFileType = text.plist.xml; path = Info.plist; sourceTree = "<group>"; };
		7DFE62F31FF5576F0016B77B /* YMHTagListCell.swift */ = {isa = PBXFileReference; lastKnownFileType = sourcecode.swift; path = YMHTagListCell.swift; sourceTree = "<group>"; };
		7DFE62F51FF569850016B77B /* YMHTagLabelCell.xib */ = {isa = PBXFileReference; lastKnownFileType = file.xib; path = YMHTagLabelCell.xib; sourceTree = "<group>"; };
/* End PBXFileReference section */

/* Begin PBXFrameworksBuildPhase section */
		7DFE62DB1FF5565E0016B77B /* Frameworks */ = {
			isa = PBXFrameworksBuildPhase;
			buildActionMask = 2147483647;
			files = (
			);
			runOnlyForDeploymentPostprocessing = 0;
		};
/* End PBXFrameworksBuildPhase section */

/* Begin PBXGroup section */
		7DFE62D51FF5565E0016B77B = {
			isa = PBXGroup;
			children = (
				7DFE62E01FF5565E0016B77B /* TestDemoSlider */,
				7DFE62DF1FF5565E0016B77B /* Products */,
			);
			sourceTree = "<group>";
		};
		7DFE62DF1FF5565E0016B77B /* Products */ = {
			isa = PBXGroup;
			children = (
				7DFE62DE1FF5565E0016B77B /* TestDemoSlider.app */,
			);
			name = Products;
			sourceTree = "<group>";
		};
		7DFE62E01FF5565E0016B77B /* TestDemoSlider */ = {
			isa = PBXGroup;
			children = (
				7DFE62E11FF5565E0016B77B /* AppDelegate.swift */,
				7DFE62E31FF5565E0016B77B /* ViewController.swift */,
				7DFE62F31FF5576F0016B77B /* YMHTagListCell.swift */,
				7DFE62E51FF5565E0016B77B /* Main.storyboard */,
				7DFE62E81FF5565E0016B77B /* Assets.xcassets */,
				7DFE62EA1FF5565E0016B77B /* LaunchScreen.storyboard */,
				7DFE62ED1FF5565E0016B77B /* Info.plist */,
				7DFE62F51FF569850016B77B /* YMHTagLabelCell.xib */,
			);
			path = TestDemoSlider;
			sourceTree = "<group>";
		};
/* End PBXGroup section */

/* Begin PBXNativeTarget section */
		7DFE62DD1FF5565E0016B77B /* TestDemoSlider */ = {
			isa = PBXNativeTarget;
			buildConfigurationList = 7DFE62F01FF5565E0016B77B /* Build configuration list for PBXNativeTarget "TestDemoSlider" */;
			buildPhases = (
				7DFE62DA1FF5565E0016B77B /* Sources */,
				7DFE62DB1FF5565E0016B77B /* Frameworks */,
				7DFE62DC1FF5565E0016B77B /* Resources */,
			);
			buildRules = (
			);
			dependencies = (
			);
			name = TestDemoSlider;
			productName = TestDemoSlider;
			productReference = 7DFE62DE1FF5565E0016B77B /* TestDemoSlider.app */;
			productType = "com.apple.product-type.application";
		};
/* End PBXNativeTarget section */

/* Begin PBXProject section */
		7DFE62D61FF5565E0016B77B /* Project object */ = {
			isa = PBXProject;
			attributes = {
				LastSwiftUpdateCheck = 0920;
				LastUpgradeCheck = 0920;
				ORGANIZATIONNAME = "Vishal Lohia";
				TargetAttributes = {
					7DFE62DD1FF5565E0016B77B = {
						CreatedOnToolsVersion = 9.2;
						ProvisioningStyle = Automatic;
					};
				};
			};
			buildConfigurationList = 7DFE62D91FF5565E0016B77B /* Build configuration list for PBXProject "TestDemoSlider" */;
			compatibilityVersion = "Xcode 8.0";
			developmentRegion = en;
			hasScannedForEncodings = 0;
			knownRegions = (
				en,
				Base,
			);
			mainGroup = 7DFE62D51FF5565E0016B77B;
			productRefGroup = 7DFE62DF1FF5565E0016B77B /* Products */;
			projectDirPath = "";
			projectRoot = "";
			targets = (
				7DFE62DD1FF5565E0016B77B /* TestDemoSlider */,
			);
		};
/* End PBXProject section */

/* Begin PBXResourcesBuildPhase section */
		7DFE62DC1FF5565E0016B77B /* Resources */ = {
			isa = PBXResourcesBuildPhase;
			buildActionMask = 2147483647;
			files = (
				7DFE62EC1FF5565E0016B77B /* LaunchScreen.storyboard in Resources */,
				7DFE62E91FF5565E0016B77B /* Assets.xcassets in Resources */,
				7DFE62F61FF569850016B77B /* YMHTagLabelCell.xib in Resources */,
				7DFE62E71FF5565E0016B77B /* Main.storyboard in Resources */,
			);
			runOnlyForDeploymentPostprocessing = 0;
		};
/* End PBXResourcesBuildPhase section */

/* Begin PBXSourcesBuildPhase section */
		7DFE62DA1FF5565E0016B77B /* Sources */ = {
			isa = PBXSourcesBuildPhase;
			buildActionMask = 2147483647;
			files = (
				7DFE62F41FF5576F0016B77B /* YMHTagListCell.swift in Sources */,
				7DFE62E41FF5565E0016B77B /* ViewController.swift in Sources */,
				7DFE62E21FF5565E0016B77B /* AppDelegate.swift in Sources */,
			);
			runOnlyForDeploymentPostprocessing = 0;
		};
/* End PBXSourcesBuildPhase section */

/* Begin PBXVariantGroup section */
		7DFE62E51FF5565E0016B77B /* Main.storyboard */ = {
			isa = PBXVariantGroup;
			children = (
				7DFE62E61FF5565E0016B77B /* Base */,
			);
			name = Main.storyboard;
			sourceTree = "<group>";
		};
		7DFE62EA1FF5565E0016B77B /* LaunchScreen.storyboard */ = {
			isa = PBXVariantGroup;
			children = (
				7DFE62EB1FF5565E0016B77B /* Base */,
			);
			name = LaunchScreen.storyboard;
			sourceTree = "<group>";
		};
/* End PBXVariantGroup section */

/* Begin XCBuildConfiguration section */
		7DFE62EE1FF5565E0016B77B /* Debug */ = {
			isa = XCBuildConfiguration;
			buildSettings = {
				ALWAYS_SEARCH_USER_PATHS = NO;
				CLANG_ANALYZER_NONNULL = YES;
				CLANG_ANALYZER_NUMBER_OBJECT_CONVERSION = YES_AGGRESSIVE;
				CLANG_CXX_LANGUAGE_STANDARD = "gnu++14";
				CLANG_CXX_LIBRARY = "libc++";
				CLANG_ENABLE_MODULES = YES;
				CLANG_ENABLE_OBJC_ARC = YES;
				CLANG_WARN_BLOCK_CAPTURE_AUTORELEASING = YES;
				CLANG_WARN_BOOL_CONVERSION = YES;
				CLANG_WARN_COMMA = YES;
				CLANG_WARN_CONSTANT_CONVERSION = YES;
				CLANG_WARN_DIRECT_OBJC_ISA_USAGE = YES_ERROR;
				CLANG_WARN_DOCUMENTATION_COMMENTS = YES;
				CLANG_WARN_EMPTY_BODY = YES;
				CLANG_WARN_ENUM_CONVERSION = YES;
				CLANG_WARN_INFINITE_RECURSION = YES;
				CLANG_WARN_INT_CONVERSION = YES;
				CLANG_WARN_NON_LITERAL_NULL_CONVERSION = YES;
				CLANG_WARN_OBJC_LITERAL_CONVERSION = YES;
				CLANG_WARN_OBJC_ROOT_CLASS = YES_ERROR;
				CLANG_WARN_RANGE_LOOP_ANALYSIS = YES;
				CLANG_WARN_STRICT_PROTOTYPES = YES;
				CLANG_WARN_SUSPICIOUS_MOVE = YES;
				CLANG_WARN_UNGUARDED_AVAILABILITY = YES_AGGRESSIVE;
				CLANG_WARN_UNREACHABLE_CODE = YES;
				CLANG_WARN__DUPLICATE_METHOD_MATCH = YES;
				CODE_SIGN_IDENTITY = "iPhone Developer";
				COPY_PHASE_STRIP = NO;
				DEBUG_INFORMATION_FORMAT = dwarf;
				ENABLE_STRICT_OBJC_MSGSEND = YES;
				ENABLE_TESTABILITY = YES;
				GCC_C_LANGUAGE_STANDARD = gnu11;
				GCC_DYNAMIC_NO_PIC = NO;
				GCC_NO_COMMON_BLOCKS = YES;
				GCC_OPTIMIZATION_LEVEL = 0;
				GCC_PREPROCESSOR_DEFINITIONS = (
					"DEBUG=1",
					"$(inherited)",
				);
				GCC_WARN_64_TO_32_BIT_CONVERSION = YES;
				GCC_WARN_ABOUT_RETURN_TYPE = YES_ERROR;
				GCC_WARN_UNDECLARED_SELECTOR = YES;
				GCC_WARN_UNINITIALIZED_AUTOS = YES_AGGRESSIVE;
				GCC_WARN_UNUSED_FUNCTION = YES;
				GCC_WARN_UNUSED_VARIABLE = YES;
				IPHONEOS_DEPLOYMENT_TARGET = 11.2;
				MTL_ENABLE_DEBUG_INFO = YES;
				ONLY_ACTIVE_ARCH = YES;
				SDKROOT = iphoneos;
				SWIFT_ACTIVE_COMPILATION_CONDITIONS = DEBUG;
				SWIFT_OPTIMIZATION_LEVEL = "-Onone";
			};
			name = Debug;
		};
		7DFE62EF1FF5565E0016B77B /* Release */ = {
			isa = XCBuildConfiguration;
			buildSettings = {
				ALWAYS_SEARCH_USER_PATHS = NO;
				CLANG_ANALYZER_NONNULL = YES;
				CLANG_ANALYZER_NUMBER_OBJECT_CONVERSION = YES_AGGRESSIVE;
				CLANG_CXX_LANGUAGE_STANDARD = "gnu++14";
				CLANG_CXX_LIBRARY = "libc++";
				CLANG_ENABLE_MODULES = YES;
				CLANG_ENABLE_OBJC_ARC = YES;
				CLANG_WARN_BLOCK_CAPTURE_AUTORELEASING = YES;
				CLANG_WARN_BOOL_CONVERSION = YES;
				CLANG_WARN_COMMA = YES;
				CLANG_WARN_CONSTANT_CONVERSION = YES;
				CLANG_WARN_DIRECT_OBJC_ISA_USAGE = YES_ERROR;
				CLANG_WARN_DOCUMENTATION_COMMENTS = YES;
				CLANG_WARN_EMPTY_BODY = YES;
				CLANG_WARN_ENUM_CONVERSION = YES;
				CLANG_WARN_INFINITE_RECURSION = YES;
				CLANG_WARN_INT_CONVERSION = YES;
				CLANG_WARN_NON_LITERAL_NULL_CONVERSION = YES;
				CLANG_WARN_OBJC_LITERAL_CONVERSION = YES;
				CLANG_WARN_OBJC_ROOT_CLASS = YES_ERROR;
				CLANG_WARN_RANGE_LOOP_ANALYSIS = YES;
				CLANG_WARN_STRICT_PROTOTYPES = YES;
				CLANG_WARN_SUSPICIOUS_MOVE = YES;
				CLANG_WARN_UNGUARDED_AVAILABILITY = YES_AGGRESSIVE;
				CLANG_WARN_UNREACHABLE_CODE = YES;
				CLANG_WARN__DUPLICATE_METHOD_MATCH = YES;
				CODE_SIGN_IDENTITY = "iPhone Developer";
				COPY_PHASE_STRIP = NO;
				DEBUG_INFORMATION_FORMAT = "dwarf-with-dsym";
				ENABLE_NS_ASSERTIONS = NO;
				ENABLE_STRICT_OBJC_MSGSEND = YES;
				GCC_C_LANGUAGE_STANDARD = gnu11;
				GCC_NO_COMMON_BLOCKS = YES;
				GCC_WARN_64_TO_32_BIT_CONVERSION = YES;
				GCC_WARN_ABOUT_RETURN_TYPE = YES_ERROR;
				GCC_WARN_UNDECLARED_SELECTOR = YES;
				GCC_WARN_UNINITIALIZED_AUTOS = YES_AGGRESSIVE;
				GCC_WARN_UNUSED_FUNCTION = YES;
				GCC_WARN_UNUSED_VARIABLE = YES;
				IPHONEOS_DEPLOYMENT_TARGET = 11.2;
				MTL_ENABLE_DEBUG_INFO = NO;
				SDKROOT = iphoneos;
				SWIFT_OPTIMIZATION_LEVEL = "-Owholemodule";
				VALIDATE_PRODUCT = YES;
			};
			name = Release;
		};
		7DFE62F11FF5565E0016B77B /* Debug */ = {
			isa = XCBuildConfiguration;
			buildSettings = {
				ASSETCATALOG_COMPILER_APPICON_NAME = AppIcon;
				CODE_SIGN_STYLE = Automatic;
				DEVELOPMENT_TEAM = 2KAL3NND99;
				INFOPLIST_FILE = TestDemoSlider/Info.plist;
				LD_RUNPATH_SEARCH_PATHS = "$(inherited) @executable_path/Frameworks";
				PRODUCT_BUNDLE_IDENTIFIER = com.a1distribute..TestDemoSlider;
				PRODUCT_NAME = "$(TARGET_NAME)";
				SWIFT_VERSION = 4.0;
				TARGETED_DEVICE_FAMILY = "1,2";
			};
			name = Debug;
		};
		7DFE62F21FF5565E0016B77B /* Release */ = {
			isa = XCBuildConfiguration;
			buildSettings = {
				ASSETCATALOG_COMPILER_APPICON_NAME = AppIcon;
				CODE_SIGN_STYLE = Automatic;
				DEVELOPMENT_TEAM = 2KAL3NND99;
				INFOPLIST_FILE = TestDemoSlider/Info.plist;
				LD_RUNPATH_SEARCH_PATHS = "$(inherited) @executable_path/Frameworks";
				PRODUCT_BUNDLE_IDENTIFIER = com.a1distribute..TestDemoSlider;
				PRODUCT_NAME = "$(TARGET_NAME)";
				SWIFT_VERSION = 4.0;
				TARGETED_DEVICE_FAMILY = "1,2";
			};
			name = Release;
		};
/* End XCBuildConfiguration section */

/* Begin XCConfigurationList section */
		7DFE62D91FF5565E0016B77B /* Build configuration list for PBXProject "TestDemoSlider" */ = {
			isa = XCConfigurationList;
			buildConfigurations = (
				7DFE62EE1FF5565E0016B77B /* Debug */,
				7DFE62EF1FF5565E0016B77B /* Release */,
			);
			defaultConfigurationIsVisible = 0;
			defaultConfigurationName = Release;
		};
		7DFE62F01FF5565E0016B77B /* Build configuration list for PBXNativeTarget "TestDemoSlider" */ = {
			isa = XCConfigurationList;
			buildConfigurations = (
				7DFE62F11FF5565E0016B77B /* Debug */,
				7DFE62F21FF5565E0016B77B /* Release */,
			);
			defaultConfigurationIsVisible = 0;
			defaultConfigurationName = Release;
		};
/* End XCConfigurationList section */
	};
	rootObject = 7DFE62D61FF5565E0016B77B /* Project object */;
}
